
Microsoft Visual Studio Solution File, Format Version 12.00
# Visual Studio Version 16
VisualStudioVersion = 16.0.30011.22
MinimumVisualStudioVersion = 10.0.40219.1
Project("{FAE04EC0-301F-11D3-BF4B-00C04F79EFBC}") = "MicroPact_Exam_SumIntegersInFile", "MicroPact_Exam_SumIntegersInFile\MicroPact_Exam_SumIntegersInFile.csproj", "{9E246E64-A643-43BD-9E8A-A7C15D2198F0}"
EndProject
Global
	GlobalSection(SolutionConfigurationPlatforms) = preSolution
		Debug|Any CPU = Debug|Any CPU
		Release|Any CPU = Release|Any CPU
	EndGlobalSection
	GlobalSection(ProjectConfigurationPlatforms) = postSolution
		{9E246E64-A643-43BD-9E8A-A7C15D2198F0}.Debug|Any CPU.ActiveCfg = Debug|Any CPU
		{9E246E64-A643-43BD-9E8A-A7C15D2198F0}.Debug|Any CPU.Build.0 = Debug|Any CPU
		{9E246E64-A643-43BD-9E8A-A7C15D2198F0}.Release|Any CPU.ActiveCfg = Release|Any CPU
		{9E246E64-A643-43BD-9E8A-A7C15D2198F0}.Release|Any CPU.Build.0 = Release|Any CPU
	EndGlobalSection
	GlobalSection(SolutionProperties) = preSolution
		HideSolutionNode = FALSE
	EndGlobalSection
	GlobalSection(ExtensibilityGlobals) = postSolution
		SolutionGuid = {F2860A77-3A7B-4D06-BC9A-0F4FC110592A}
	EndGlobalSection
EndGlobal
