
Microsoft Visual Studio Solution File, Format Version 12.00
# Visual Studio Version 16
VisualStudioVersion = 16.0.30011.22
MinimumVisualStudioVersion = 10.0.40219.1
Project("{FAE04EC0-301F-11D3-BF4B-00C04F79EFBC}") = "MicroPact_Exam_RemoveCharacter", "MicroPact_Exam_RemoveCharacter\MicroPact_Exam_RemoveCharacter.csproj", "{7C696E8C-047F-434F-9642-0994DCA6F702}"
EndProject
Global
	GlobalSection(SolutionConfigurationPlatforms) = preSolution
		Debug|Any CPU = Debug|Any CPU
		Release|Any CPU = Release|Any CPU
	EndGlobalSection
	GlobalSection(ProjectConfigurationPlatforms) = postSolution
		{7C696E8C-047F-434F-9642-0994DCA6F702}.Debug|Any CPU.ActiveCfg = Debug|Any CPU
		{7C696E8C-047F-434F-9642-0994DCA6F702}.Debug|Any CPU.Build.0 = Debug|Any CPU
		{7C696E8C-047F-434F-9642-0994DCA6F702}.Release|Any CPU.ActiveCfg = Release|Any CPU
		{7C696E8C-047F-434F-9642-0994DCA6F702}.Release|Any CPU.Build.0 = Release|Any CPU
	EndGlobalSection
	GlobalSection(SolutionProperties) = preSolution
		HideSolutionNode = FALSE
	EndGlobalSection
	GlobalSection(ExtensibilityGlobals) = postSolution
		SolutionGuid = {39B16928-E8CB-4AEB-BE2E-1EC0A97468F6}
	EndGlobalSection
EndGlobal
